
Microsoft Visual Studio Solution File, Format Version 12.00
# Visual Studio Version 17
VisualStudioVersion = 17.5.002.0
MinimumVisualStudioVersion = 10.0.40219.1
Project("{2150E333-8FDC-42A3-9474-1A3956D46DE8}") = "courses", "courses", "{C6D20A63-6387-47B3-A16C-383FD3890205}"
EndProject
Project("{2150E333-8FDC-42A3-9474-1A3956D46DE8}") = "course-05-sololearn-introduction-to-c-sharp", "course-05-sololearn-introduction-to-c-sharp", "{09E0FA57-FF98-42D9-A265-18DF9FB66BA6}"
EndProject
Project("{9A19103F-16F7-4668-BE54-9A1E7A4F7556}") = "Ex01_MyFirstCodeCoach", "courses\course-05-sololearn-introduction-to-c-sharp\Ex01_MyFirstCodeCoach\Ex01_MyFirstCodeCoach.csproj", "{E707F923-7F3B-4296-8EF0-1856DCE226BE}"
EndProject
Project("{9A19103F-16F7-4668-BE54-9A1E7A4F7556}") = "Ex03_Alphabet", "courses\course-05-sololearn-introduction-to-c-sharp\Ex03_Alphabet\Ex03_Alphabet.csproj", "{B6CE1663-FA37-44D5-8594-3E0440E818C6}"
EndProject
Project("{9A19103F-16F7-4668-BE54-9A1E7A4F7556}") = "Ex04_NameAndScore", "courses\course-05-sololearn-introduction-to-c-sharp\Ex04_NameAndScore\Ex04_NameAndScore.csproj", "{1311EF27-7031-479E-B5A6-D82C7D16A4B5}"
EndProject
Project("{9A19103F-16F7-4668-BE54-9A1E7A4F7556}") = "Ex05_HowManySeconds", "courses\course-05-sololearn-introduction-to-c-sharp\Ex05_HowManySeconds\Ex05_HowManySeconds.csproj", "{0A48B601-05A9-4F49-BEF1-973C0ECEC3D6}"
EndProject
Project("{9A19103F-16F7-4668-BE54-9A1E7A4F7556}") = "Ex06_GiftBoxes", "courses\course-05-sololearn-introduction-to-c-sharp\Ex06_GiftBoxes\Ex06_GiftBoxes.csproj", "{97A73CB9-A6DA-4034-AA79-7B84B5B002F5}"
EndProject
Project("{9A19103F-16F7-4668-BE54-9A1E7A4F7556}") = "Ex07_BankAccountBalance", "courses\course-05-sololearn-introduction-to-c-sharp\Ex07_BankAccountBalance\Ex07_BankAccountBalance.csproj", "{07B205F6-8284-4F74-90DD-FE12464BF2C5}"
EndProject
Project("{9A19103F-16F7-4668-BE54-9A1E7A4F7556}") = "Ex08_ChessTournament", "courses\course-05-sololearn-introduction-to-c-sharp\Ex08_ChessTournament\Ex08_ChessTournament.csproj", "{B940C196-3F91-4BEE-9C20-C686D11090E8}"
EndProject
Project("{9A19103F-16F7-4668-BE54-9A1E7A4F7556}") = "Ex09_NewLines", "courses\course-05-sololearn-introduction-to-c-sharp\Ex09_NewLines\Ex09_NewLines.csproj", "{0B2FDA94-2D12-43A5-B33E-3D9FC34CCF07}"
EndProject
Project("{9A19103F-16F7-4668-BE54-9A1E7A4F7556}") = "Ex10_CountryCards", "courses\course-05-sololearn-introduction-to-c-sharp\Ex10_CountryCards\Ex10_CountryCards.csproj", "{3DA09D86-D898-428E-BC0E-761FC85D4B3A}"
EndProject
Project("{9A19103F-16F7-4668-BE54-9A1E7A4F7556}") = "Ex11_TakeYourKindle", "courses\course-05-sololearn-introduction-to-c-sharp\Ex11_TakeYourKindle\Ex11_TakeYourKindle.csproj", "{5AD7B275-84E3-48E3-A9F9-4F178C9AE97C}"
EndProject
Project("{9A19103F-16F7-4668-BE54-9A1E7A4F7556}") = "Ex12_OrganizedRobot", "courses\course-05-sololearn-introduction-to-c-sharp\Ex12_OrganizedRobot\Ex12_OrganizedRobot.csproj", "{BAC82559-6D3A-4C39-A21D-083CFDB5BA05}"
EndProject
Project("{9A19103F-16F7-4668-BE54-9A1E7A4F7556}") = "Ex13_AgeGroups", "courses\course-05-sololearn-introduction-to-c-sharp\Ex13_AgeGroups\Ex13_AgeGroups.csproj", "{87664279-15F6-49D8-9009-7680FEA15971}"
EndProject
Project("{9A19103F-16F7-4668-BE54-9A1E7A4F7556}") = "Ex14_CoffeeTime", "courses\course-05-sololearn-introduction-to-c-sharp\Ex14_CoffeeTime\Ex14_CoffeeTime.csproj", "{861CC870-ADD5-4E0C-BDCC-8348D608660F}"
EndProject
Project("{9A19103F-16F7-4668-BE54-9A1E7A4F7556}") = "Ex15_NoonOrMidnight", "courses\course-05-sololearn-introduction-to-c-sharp\Ex15_NoonOrMidnight\Ex15_NoonOrMidnight.csproj", "{FD66CC55-1C63-441B-B741-66E91AF6FAA0}"
EndProject
Project("{9A19103F-16F7-4668-BE54-9A1E7A4F7556}") = "Ex16_Factorial", "courses\course-05-sololearn-introduction-to-c-sharp\Ex16_Factorial\Ex16_Factorial.csproj", "{377E013C-806E-4967-A722-DF8A6C026E42}"
EndProject
Project("{9A19103F-16F7-4668-BE54-9A1E7A4F7556}") = "Ex17_Sum", "courses\course-05-sololearn-introduction-to-c-sharp\Ex17_Sum\Ex17_Sum.csproj", "{3AE604DC-9BFA-48F2-AAE3-AB7EDE5E14D3}"
EndProject
Project("{9A19103F-16F7-4668-BE54-9A1E7A4F7556}") = "Ex18_BreakTheLoop", "courses\course-05-sololearn-introduction-to-c-sharp\Ex18_BreakTheLoop\Ex18_BreakTheLoop.csproj", "{256B8A6C-4F99-42E9-9A96-79C81D84C8BD}"
EndProject
Project("{9A19103F-16F7-4668-BE54-9A1E7A4F7556}") = "Ex19_WelcomeSololearner", "courses\course-05-sololearn-introduction-to-c-sharp\Ex19_WelcomeSololearner\Ex19_WelcomeSololearner.csproj", "{60BC8D5B-5283-47BE-B047-1743744B5E11}"
EndProject
Project("{9A19103F-16F7-4668-BE54-9A1E7A4F7556}") = "Ex20_FeetToInchesCovnerter", "courses\course-05-sololearn-introduction-to-c-sharp\Ex20_FeetToInchesCovnerter\Ex20_FeetToInchesCovnerter.csproj", "{C8E4FBC4-245A-4679-9299-3A5210757696}"
EndProject
Project("{9A19103F-16F7-4668-BE54-9A1E7A4F7556}") = "Ex21_AreaOfARectangle", "courses\course-05-sololearn-introduction-to-c-sharp\Ex21_AreaOfARectangle\Ex21_AreaOfARectangle.csproj", "{A78D33BB-EC1A-45F7-8073-6BB78D87D387}"
EndProject
Project("{2150E333-8FDC-42A3-9474-1A3956D46DE8}") = "course-06-complete-c-sharp-masterclass", "course-06-complete-c-sharp-masterclass", "{54FE2BC4-8605-46CA-9B25-CF122B73715E}"
EndProject
Project("{9A19103F-16F7-4668-BE54-9A1E7A4F7556}") = "Ex01_OverviewOfDatatypes", "courses\course-06-complete-c-sharp-masterclass\Ex01_OverviewOfDatatypes\Ex01_OverviewOfDatatypes.csproj", "{3EBB755C-DE5E-421E-A2DA-76AD20BE7116}"
EndProject
Project("{9A19103F-16F7-4668-BE54-9A1E7A4F7556}") = "Ex02_ParsingAndConversion", "courses\course-06-complete-c-sharp-masterclass\Ex02_ParsingAndConversion\Ex02_ParsingAndConversion.csproj", "{35B010D4-EB23-4D35-871B-A89E2E740362}"
EndProject
Project("{9A19103F-16F7-4668-BE54-9A1E7A4F7556}") = "Ex03_SimpleVariablesIntroduction", "courses\course-06-complete-c-sharp-masterclass\Ex03_SimpleVariablesIntroduction\Ex03_SimpleVariablesIntroduction.csproj", "{D39357DD-8DD9-48B0-8D8E-752BA0776677}"
EndProject
Project("{9A19103F-16F7-4668-BE54-9A1E7A4F7556}") = "Ex04_FixingSimpleBugs", "courses\course-06-complete-c-sharp-masterclass\Ex04_FixingSimpleBugs\Ex04_FixingSimpleBugs.csproj", "{3AB7EA48-1C32-4862-A565-8916FEEE45EA}"
EndProject
Project("{2150E333-8FDC-42A3-9474-1A3956D46DE8}") = "Ex02_ProgramStructure", "Ex02_ProgramStructure", "{5F45876D-DA74-4875-A777-AC5E22D2094A}"
EndProject
Project("{9A19103F-16F7-4668-BE54-9A1E7A4F7556}") = "Ex02_ProgramStructure", "courses\course-05-sololearn-introduction-to-c-sharp\Ex02_ProgramStructure\Ex02_ProgramStructure\Ex02_ProgramStructure.csproj", "{6C3FB5DB-7211-4BFF-B1AA-41B145B718D5}"
EndProject
Project("{2150E333-8FDC-42A3-9474-1A3956D46DE8}") = "languages", "languages", "{9F0847EB-9F81-44DE-9945-64D7A821E2CE}"
EndProject
Project("{2150E333-8FDC-42A3-9474-1A3956D46DE8}") = "c-sharp", "c-sharp", "{B29A18DB-8009-4941-AD63-852E5767E1A9}"
EndProject
Project("{2150E333-8FDC-42A3-9474-1A3956D46DE8}") = "c-sharp-challenges", "c-sharp-challenges", "{511E841B-4712-4F52-808B-1EF315330340}"
EndProject
Project("{9A19103F-16F7-4668-BE54-9A1E7A4F7556}") = "Ex001_ConvertStringToNumber", "languages\c-sharp\c-sharp-challenges\Ex001_ConvertStringToNumber\Ex001_ConvertStringToNumber.csproj", "{EB3B05EB-5E4F-43EB-B1B4-A9D28BD942F1}"
EndProject
Project("{2150E333-8FDC-42A3-9474-1A3956D46DE8}") = "c-sharp-exercises", "c-sharp-exercises", "{CB516746-32F2-41DC-A7B6-77713E451E76}"
EndProject
Project("{9A19103F-16F7-4668-BE54-9A1E7A4F7556}") = "HelloUser", "languages\c-sharp\c-sharp-exercises\Ex001_HelloUser\HelloUser.csproj", "{6AB04CA9-BF30-45BA-AAF3-6513DDDD8E85}"
EndProject
Project("{9A19103F-16F7-4668-BE54-9A1E7A4F7556}") = "Ex002_SumOfTwoInputNums", "languages\c-sharp\c-sharp-exercises\Ex002_SumOfTwoInputNums\Ex002_SumOfTwoInputNums.csproj", "{D78F30F6-2DBB-4DE1-B524-1BB245E3EA89}"
EndProject
Project("{9A19103F-16F7-4668-BE54-9A1E7A4F7556}") = "Ex003_CheckPositiveNegativeOrZero", "languages\c-sharp\c-sharp-exercises\Ex003_CheckPositiveNegativeOrZero\Ex003_CheckPositiveNegativeOrZero.csproj", "{78C09E2C-7384-4189-87BC-54C86171B7B4}"
EndProject
Project("{9A19103F-16F7-4668-BE54-9A1E7A4F7556}") = "Ex004_FavoriteGamesList", "languages\c-sharp\c-sharp-exercises\Ex004_FavoriteGamesList\Ex004_FavoriteGamesList.csproj", "{1AC878DA-1774-443D-A3F1-3C5E623A303A}"
EndProject
Global
	GlobalSection(SolutionConfigurationPlatforms) = preSolution
		Debug|Any CPU = Debug|Any CPU
		Release|Any CPU = Release|Any CPU
	EndGlobalSection
	GlobalSection(ProjectConfigurationPlatforms) = postSolution
		{E707F923-7F3B-4296-8EF0-1856DCE226BE}.Debug|Any CPU.ActiveCfg = Debug|Any CPU
		{E707F923-7F3B-4296-8EF0-1856DCE226BE}.Debug|Any CPU.Build.0 = Debug|Any CPU
		{E707F923-7F3B-4296-8EF0-1856DCE226BE}.Release|Any CPU.ActiveCfg = Release|Any CPU
		{E707F923-7F3B-4296-8EF0-1856DCE226BE}.Release|Any CPU.Build.0 = Release|Any CPU
		{B6CE1663-FA37-44D5-8594-3E0440E818C6}.Debug|Any CPU.ActiveCfg = Debug|Any CPU
		{B6CE1663-FA37-44D5-8594-3E0440E818C6}.Debug|Any CPU.Build.0 = Debug|Any CPU
		{B6CE1663-FA37-44D5-8594-3E0440E818C6}.Release|Any CPU.ActiveCfg = Release|Any CPU
		{B6CE1663-FA37-44D5-8594-3E0440E818C6}.Release|Any CPU.Build.0 = Release|Any CPU
		{1311EF27-7031-479E-B5A6-D82C7D16A4B5}.Debug|Any CPU.ActiveCfg = Debug|Any CPU
		{1311EF27-7031-479E-B5A6-D82C7D16A4B5}.Debug|Any CPU.Build.0 = Debug|Any CPU
		{1311EF27-7031-479E-B5A6-D82C7D16A4B5}.Release|Any CPU.ActiveCfg = Release|Any CPU
		{1311EF27-7031-479E-B5A6-D82C7D16A4B5}.Release|Any CPU.Build.0 = Release|Any CPU
		{0A48B601-05A9-4F49-BEF1-973C0ECEC3D6}.Debug|Any CPU.ActiveCfg = Debug|Any CPU
		{0A48B601-05A9-4F49-BEF1-973C0ECEC3D6}.Debug|Any CPU.Build.0 = Debug|Any CPU
		{0A48B601-05A9-4F49-BEF1-973C0ECEC3D6}.Release|Any CPU.ActiveCfg = Release|Any CPU
		{0A48B601-05A9-4F49-BEF1-973C0ECEC3D6}.Release|Any CPU.Build.0 = Release|Any CPU
		{97A73CB9-A6DA-4034-AA79-7B84B5B002F5}.Debug|Any CPU.ActiveCfg = Debug|Any CPU
		{97A73CB9-A6DA-4034-AA79-7B84B5B002F5}.Debug|Any CPU.Build.0 = Debug|Any CPU
		{97A73CB9-A6DA-4034-AA79-7B84B5B002F5}.Release|Any CPU.ActiveCfg = Release|Any CPU
		{97A73CB9-A6DA-4034-AA79-7B84B5B002F5}.Release|Any CPU.Build.0 = Release|Any CPU
		{07B205F6-8284-4F74-90DD-FE12464BF2C5}.Debug|Any CPU.ActiveCfg = Debug|Any CPU
		{07B205F6-8284-4F74-90DD-FE12464BF2C5}.Debug|Any CPU.Build.0 = Debug|Any CPU
		{07B205F6-8284-4F74-90DD-FE12464BF2C5}.Release|Any CPU.ActiveCfg = Release|Any CPU
		{07B205F6-8284-4F74-90DD-FE12464BF2C5}.Release|Any CPU.Build.0 = Release|Any CPU
		{B940C196-3F91-4BEE-9C20-C686D11090E8}.Debug|Any CPU.ActiveCfg = Debug|Any CPU
		{B940C196-3F91-4BEE-9C20-C686D11090E8}.Debug|Any CPU.Build.0 = Debug|Any CPU
		{B940C196-3F91-4BEE-9C20-C686D11090E8}.Release|Any CPU.ActiveCfg = Release|Any CPU
		{B940C196-3F91-4BEE-9C20-C686D11090E8}.Release|Any CPU.Build.0 = Release|Any CPU
		{0B2FDA94-2D12-43A5-B33E-3D9FC34CCF07}.Debug|Any CPU.ActiveCfg = Debug|Any CPU
		{0B2FDA94-2D12-43A5-B33E-3D9FC34CCF07}.Debug|Any CPU.Build.0 = Debug|Any CPU
		{0B2FDA94-2D12-43A5-B33E-3D9FC34CCF07}.Release|Any CPU.ActiveCfg = Release|Any CPU
		{0B2FDA94-2D12-43A5-B33E-3D9FC34CCF07}.Release|Any CPU.Build.0 = Release|Any CPU
		{3DA09D86-D898-428E-BC0E-761FC85D4B3A}.Debug|Any CPU.ActiveCfg = Debug|Any CPU
		{3DA09D86-D898-428E-BC0E-761FC85D4B3A}.Debug|Any CPU.Build.0 = Debug|Any CPU
		{3DA09D86-D898-428E-BC0E-761FC85D4B3A}.Release|Any CPU.ActiveCfg = Release|Any CPU
		{3DA09D86-D898-428E-BC0E-761FC85D4B3A}.Release|Any CPU.Build.0 = Release|Any CPU
		{5AD7B275-84E3-48E3-A9F9-4F178C9AE97C}.Debug|Any CPU.ActiveCfg = Debug|Any CPU
		{5AD7B275-84E3-48E3-A9F9-4F178C9AE97C}.Debug|Any CPU.Build.0 = Debug|Any CPU
		{5AD7B275-84E3-48E3-A9F9-4F178C9AE97C}.Release|Any CPU.ActiveCfg = Release|Any CPU
		{5AD7B275-84E3-48E3-A9F9-4F178C9AE97C}.Release|Any CPU.Build.0 = Release|Any CPU
		{BAC82559-6D3A-4C39-A21D-083CFDB5BA05}.Debug|Any CPU.ActiveCfg = Debug|Any CPU
		{BAC82559-6D3A-4C39-A21D-083CFDB5BA05}.Debug|Any CPU.Build.0 = Debug|Any CPU
		{BAC82559-6D3A-4C39-A21D-083CFDB5BA05}.Release|Any CPU.ActiveCfg = Release|Any CPU
		{BAC82559-6D3A-4C39-A21D-083CFDB5BA05}.Release|Any CPU.Build.0 = Release|Any CPU
		{87664279-15F6-49D8-9009-7680FEA15971}.Debug|Any CPU.ActiveCfg = Debug|Any CPU
		{87664279-15F6-49D8-9009-7680FEA15971}.Debug|Any CPU.Build.0 = Debug|Any CPU
		{87664279-15F6-49D8-9009-7680FEA15971}.Release|Any CPU.ActiveCfg = Release|Any CPU
		{87664279-15F6-49D8-9009-7680FEA15971}.Release|Any CPU.Build.0 = Release|Any CPU
		{861CC870-ADD5-4E0C-BDCC-8348D608660F}.Debug|Any CPU.ActiveCfg = Debug|Any CPU
		{861CC870-ADD5-4E0C-BDCC-8348D608660F}.Debug|Any CPU.Build.0 = Debug|Any CPU
		{861CC870-ADD5-4E0C-BDCC-8348D608660F}.Release|Any CPU.ActiveCfg = Release|Any CPU
		{861CC870-ADD5-4E0C-BDCC-8348D608660F}.Release|Any CPU.Build.0 = Release|Any CPU
		{FD66CC55-1C63-441B-B741-66E91AF6FAA0}.Debug|Any CPU.ActiveCfg = Debug|Any CPU
		{FD66CC55-1C63-441B-B741-66E91AF6FAA0}.Debug|Any CPU.Build.0 = Debug|Any CPU
		{FD66CC55-1C63-441B-B741-66E91AF6FAA0}.Release|Any CPU.ActiveCfg = Release|Any CPU
		{FD66CC55-1C63-441B-B741-66E91AF6FAA0}.Release|Any CPU.Build.0 = Release|Any CPU
		{377E013C-806E-4967-A722-DF8A6C026E42}.Debug|Any CPU.ActiveCfg = Debug|Any CPU
		{377E013C-806E-4967-A722-DF8A6C026E42}.Debug|Any CPU.Build.0 = Debug|Any CPU
		{377E013C-806E-4967-A722-DF8A6C026E42}.Release|Any CPU.ActiveCfg = Release|Any CPU
		{377E013C-806E-4967-A722-DF8A6C026E42}.Release|Any CPU.Build.0 = Release|Any CPU
		{3AE604DC-9BFA-48F2-AAE3-AB7EDE5E14D3}.Debug|Any CPU.ActiveCfg = Debug|Any CPU
		{3AE604DC-9BFA-48F2-AAE3-AB7EDE5E14D3}.Debug|Any CPU.Build.0 = Debug|Any CPU
		{3AE604DC-9BFA-48F2-AAE3-AB7EDE5E14D3}.Release|Any CPU.ActiveCfg = Release|Any CPU
		{3AE604DC-9BFA-48F2-AAE3-AB7EDE5E14D3}.Release|Any CPU.Build.0 = Release|Any CPU
		{256B8A6C-4F99-42E9-9A96-79C81D84C8BD}.Debug|Any CPU.ActiveCfg = Debug|Any CPU
		{256B8A6C-4F99-42E9-9A96-79C81D84C8BD}.Debug|Any CPU.Build.0 = Debug|Any CPU
		{256B8A6C-4F99-42E9-9A96-79C81D84C8BD}.Release|Any CPU.ActiveCfg = Release|Any CPU
		{256B8A6C-4F99-42E9-9A96-79C81D84C8BD}.Release|Any CPU.Build.0 = Release|Any CPU
		{60BC8D5B-5283-47BE-B047-1743744B5E11}.Debug|Any CPU.ActiveCfg = Debug|Any CPU
		{60BC8D5B-5283-47BE-B047-1743744B5E11}.Debug|Any CPU.Build.0 = Debug|Any CPU
		{60BC8D5B-5283-47BE-B047-1743744B5E11}.Release|Any CPU.ActiveCfg = Release|Any CPU
		{60BC8D5B-5283-47BE-B047-1743744B5E11}.Release|Any CPU.Build.0 = Release|Any CPU
		{C8E4FBC4-245A-4679-9299-3A5210757696}.Debug|Any CPU.ActiveCfg = Debug|Any CPU
		{C8E4FBC4-245A-4679-9299-3A5210757696}.Debug|Any CPU.Build.0 = Debug|Any CPU
		{C8E4FBC4-245A-4679-9299-3A5210757696}.Release|Any CPU.ActiveCfg = Release|Any CPU
		{C8E4FBC4-245A-4679-9299-3A5210757696}.Release|Any CPU.Build.0 = Release|Any CPU
		{A78D33BB-EC1A-45F7-8073-6BB78D87D387}.Debug|Any CPU.ActiveCfg = Debug|Any CPU
		{A78D33BB-EC1A-45F7-8073-6BB78D87D387}.Debug|Any CPU.Build.0 = Debug|Any CPU
		{A78D33BB-EC1A-45F7-8073-6BB78D87D387}.Release|Any CPU.ActiveCfg = Release|Any CPU
		{A78D33BB-EC1A-45F7-8073-6BB78D87D387}.Release|Any CPU.Build.0 = Release|Any CPU
		{3EBB755C-DE5E-421E-A2DA-76AD20BE7116}.Debug|Any CPU.ActiveCfg = Debug|Any CPU
		{3EBB755C-DE5E-421E-A2DA-76AD20BE7116}.Debug|Any CPU.Build.0 = Debug|Any CPU
		{3EBB755C-DE5E-421E-A2DA-76AD20BE7116}.Release|Any CPU.ActiveCfg = Release|Any CPU
		{3EBB755C-DE5E-421E-A2DA-76AD20BE7116}.Release|Any CPU.Build.0 = Release|Any CPU
		{35B010D4-EB23-4D35-871B-A89E2E740362}.Debug|Any CPU.ActiveCfg = Debug|Any CPU
		{35B010D4-EB23-4D35-871B-A89E2E740362}.Debug|Any CPU.Build.0 = Debug|Any CPU
		{35B010D4-EB23-4D35-871B-A89E2E740362}.Release|Any CPU.ActiveCfg = Release|Any CPU
		{35B010D4-EB23-4D35-871B-A89E2E740362}.Release|Any CPU.Build.0 = Release|Any CPU
		{D39357DD-8DD9-48B0-8D8E-752BA0776677}.Debug|Any CPU.ActiveCfg = Debug|Any CPU
		{D39357DD-8DD9-48B0-8D8E-752BA0776677}.Debug|Any CPU.Build.0 = Debug|Any CPU
		{D39357DD-8DD9-48B0-8D8E-752BA0776677}.Release|Any CPU.ActiveCfg = Release|Any CPU
		{D39357DD-8DD9-48B0-8D8E-752BA0776677}.Release|Any CPU.Build.0 = Release|Any CPU
		{3AB7EA48-1C32-4862-A565-8916FEEE45EA}.Debug|Any CPU.ActiveCfg = Debug|Any CPU
		{3AB7EA48-1C32-4862-A565-8916FEEE45EA}.Debug|Any CPU.Build.0 = Debug|Any CPU
		{3AB7EA48-1C32-4862-A565-8916FEEE45EA}.Release|Any CPU.ActiveCfg = Release|Any CPU
		{3AB7EA48-1C32-4862-A565-8916FEEE45EA}.Release|Any CPU.Build.0 = Release|Any CPU
		{6C3FB5DB-7211-4BFF-B1AA-41B145B718D5}.Debug|Any CPU.ActiveCfg = Debug|Any CPU
		{6C3FB5DB-7211-4BFF-B1AA-41B145B718D5}.Debug|Any CPU.Build.0 = Debug|Any CPU
		{6C3FB5DB-7211-4BFF-B1AA-41B145B718D5}.Release|Any CPU.ActiveCfg = Release|Any CPU
		{6C3FB5DB-7211-4BFF-B1AA-41B145B718D5}.Release|Any CPU.Build.0 = Release|Any CPU
		{EB3B05EB-5E4F-43EB-B1B4-A9D28BD942F1}.Debug|Any CPU.ActiveCfg = Debug|Any CPU
		{EB3B05EB-5E4F-43EB-B1B4-A9D28BD942F1}.Debug|Any CPU.Build.0 = Debug|Any CPU
		{EB3B05EB-5E4F-43EB-B1B4-A9D28BD942F1}.Release|Any CPU.ActiveCfg = Release|Any CPU
		{EB3B05EB-5E4F-43EB-B1B4-A9D28BD942F1}.Release|Any CPU.Build.0 = Release|Any CPU
		{6AB04CA9-BF30-45BA-AAF3-6513DDDD8E85}.Debug|Any CPU.ActiveCfg = Debug|Any CPU
		{6AB04CA9-BF30-45BA-AAF3-6513DDDD8E85}.Debug|Any CPU.Build.0 = Debug|Any CPU
		{6AB04CA9-BF30-45BA-AAF3-6513DDDD8E85}.Release|Any CPU.ActiveCfg = Release|Any CPU
		{6AB04CA9-BF30-45BA-AAF3-6513DDDD8E85}.Release|Any CPU.Build.0 = Release|Any CPU
		{D78F30F6-2DBB-4DE1-B524-1BB245E3EA89}.Debug|Any CPU.ActiveCfg = Debug|Any CPU
		{D78F30F6-2DBB-4DE1-B524-1BB245E3EA89}.Debug|Any CPU.Build.0 = Debug|Any CPU
		{D78F30F6-2DBB-4DE1-B524-1BB245E3EA89}.Release|Any CPU.ActiveCfg = Release|Any CPU
		{D78F30F6-2DBB-4DE1-B524-1BB245E3EA89}.Release|Any CPU.Build.0 = Release|Any CPU
		{78C09E2C-7384-4189-87BC-54C86171B7B4}.Debug|Any CPU.ActiveCfg = Debug|Any CPU
		{78C09E2C-7384-4189-87BC-54C86171B7B4}.Debug|Any CPU.Build.0 = Debug|Any CPU
		{78C09E2C-7384-4189-87BC-54C86171B7B4}.Release|Any CPU.ActiveCfg = Release|Any CPU
		{78C09E2C-7384-4189-87BC-54C86171B7B4}.Release|Any CPU.Build.0 = Release|Any CPU
		{1AC878DA-1774-443D-A3F1-3C5E623A303A}.Debug|Any CPU.ActiveCfg = Debug|Any CPU
		{1AC878DA-1774-443D-A3F1-3C5E623A303A}.Debug|Any CPU.Build.0 = Debug|Any CPU
		{1AC878DA-1774-443D-A3F1-3C5E623A303A}.Release|Any CPU.ActiveCfg = Release|Any CPU
		{1AC878DA-1774-443D-A3F1-3C5E623A303A}.Release|Any CPU.Build.0 = Release|Any CPU
	EndGlobalSection
	GlobalSection(SolutionProperties) = preSolution
		HideSolutionNode = FALSE
	EndGlobalSection
	GlobalSection(NestedProjects) = preSolution
		{09E0FA57-FF98-42D9-A265-18DF9FB66BA6} = {C6D20A63-6387-47B3-A16C-383FD3890205}
		{E707F923-7F3B-4296-8EF0-1856DCE226BE} = {09E0FA57-FF98-42D9-A265-18DF9FB66BA6}
		{B6CE1663-FA37-44D5-8594-3E0440E818C6} = {09E0FA57-FF98-42D9-A265-18DF9FB66BA6}
		{1311EF27-7031-479E-B5A6-D82C7D16A4B5} = {09E0FA57-FF98-42D9-A265-18DF9FB66BA6}
		{0A48B601-05A9-4F49-BEF1-973C0ECEC3D6} = {09E0FA57-FF98-42D9-A265-18DF9FB66BA6}
		{97A73CB9-A6DA-4034-AA79-7B84B5B002F5} = {09E0FA57-FF98-42D9-A265-18DF9FB66BA6}
		{07B205F6-8284-4F74-90DD-FE12464BF2C5} = {09E0FA57-FF98-42D9-A265-18DF9FB66BA6}
		{B940C196-3F91-4BEE-9C20-C686D11090E8} = {09E0FA57-FF98-42D9-A265-18DF9FB66BA6}
		{0B2FDA94-2D12-43A5-B33E-3D9FC34CCF07} = {09E0FA57-FF98-42D9-A265-18DF9FB66BA6}
		{3DA09D86-D898-428E-BC0E-761FC85D4B3A} = {09E0FA57-FF98-42D9-A265-18DF9FB66BA6}
		{5AD7B275-84E3-48E3-A9F9-4F178C9AE97C} = {09E0FA57-FF98-42D9-A265-18DF9FB66BA6}
		{BAC82559-6D3A-4C39-A21D-083CFDB5BA05} = {09E0FA57-FF98-42D9-A265-18DF9FB66BA6}
		{87664279-15F6-49D8-9009-7680FEA15971} = {09E0FA57-FF98-42D9-A265-18DF9FB66BA6}
		{861CC870-ADD5-4E0C-BDCC-8348D608660F} = {09E0FA57-FF98-42D9-A265-18DF9FB66BA6}
		{FD66CC55-1C63-441B-B741-66E91AF6FAA0} = {09E0FA57-FF98-42D9-A265-18DF9FB66BA6}
		{377E013C-806E-4967-A722-DF8A6C026E42} = {09E0FA57-FF98-42D9-A265-18DF9FB66BA6}
		{3AE604DC-9BFA-48F2-AAE3-AB7EDE5E14D3} = {09E0FA57-FF98-42D9-A265-18DF9FB66BA6}
		{256B8A6C-4F99-42E9-9A96-79C81D84C8BD} = {09E0FA57-FF98-42D9-A265-18DF9FB66BA6}
		{60BC8D5B-5283-47BE-B047-1743744B5E11} = {09E0FA57-FF98-42D9-A265-18DF9FB66BA6}
		{C8E4FBC4-245A-4679-9299-3A5210757696} = {09E0FA57-FF98-42D9-A265-18DF9FB66BA6}
		{A78D33BB-EC1A-45F7-8073-6BB78D87D387} = {09E0FA57-FF98-42D9-A265-18DF9FB66BA6}
		{54FE2BC4-8605-46CA-9B25-CF122B73715E} = {C6D20A63-6387-47B3-A16C-383FD3890205}
		{3EBB755C-DE5E-421E-A2DA-76AD20BE7116} = {54FE2BC4-8605-46CA-9B25-CF122B73715E}
		{35B010D4-EB23-4D35-871B-A89E2E740362} = {54FE2BC4-8605-46CA-9B25-CF122B73715E}
		{D39357DD-8DD9-48B0-8D8E-752BA0776677} = {54FE2BC4-8605-46CA-9B25-CF122B73715E}
		{3AB7EA48-1C32-4862-A565-8916FEEE45EA} = {54FE2BC4-8605-46CA-9B25-CF122B73715E}
		{5F45876D-DA74-4875-A777-AC5E22D2094A} = {09E0FA57-FF98-42D9-A265-18DF9FB66BA6}
		{6C3FB5DB-7211-4BFF-B1AA-41B145B718D5} = {5F45876D-DA74-4875-A777-AC5E22D2094A}
		{B29A18DB-8009-4941-AD63-852E5767E1A9} = {9F0847EB-9F81-44DE-9945-64D7A821E2CE}
		{511E841B-4712-4F52-808B-1EF315330340} = {B29A18DB-8009-4941-AD63-852E5767E1A9}
		{EB3B05EB-5E4F-43EB-B1B4-A9D28BD942F1} = {511E841B-4712-4F52-808B-1EF315330340}
		{CB516746-32F2-41DC-A7B6-77713E451E76} = {B29A18DB-8009-4941-AD63-852E5767E1A9}
		{6AB04CA9-BF30-45BA-AAF3-6513DDDD8E85} = {CB516746-32F2-41DC-A7B6-77713E451E76}
		{D78F30F6-2DBB-4DE1-B524-1BB245E3EA89} = {CB516746-32F2-41DC-A7B6-77713E451E76}
		{78C09E2C-7384-4189-87BC-54C86171B7B4} = {CB516746-32F2-41DC-A7B6-77713E451E76}
		{1AC878DA-1774-443D-A3F1-3C5E623A303A} = {CB516746-32F2-41DC-A7B6-77713E451E76}
	EndGlobalSection
	GlobalSection(ExtensibilityGlobals) = postSolution
		SolutionGuid = {A89351DC-65CD-481E-B3B1-D14D5DC9052A}
	EndGlobalSection
EndGlobal
