
Microsoft Visual Studio Solution File, Format Version 12.00
# Visual Studio Version 17
VisualStudioVersion = 17.5.002.0
MinimumVisualStudioVersion = 10.0.40219.1
Project("{2150E333-8FDC-42A3-9474-1A3956D46DE8}") = "c-sharp-exercises", "c-sharp-exercises", "{6332CBF8-3FB2-4088-A1D9-2F50F9F0E81D}"
EndProject
Project("{9A19103F-16F7-4668-BE54-9A1E7A4F7556}") = "HelloUser", "c-sharp-exercises\Ex001_HelloUser\HelloUser.csproj", "{EA1B0930-5637-4BFB-92B1-B5BD16BA4698}"
EndProject
Global
	GlobalSection(SolutionConfigurationPlatforms) = preSolution
		Debug|Any CPU = Debug|Any CPU
		Release|Any CPU = Release|Any CPU
	EndGlobalSection
	GlobalSection(ProjectConfigurationPlatforms) = postSolution
		{EA1B0930-5637-4BFB-92B1-B5BD16BA4698}.Debug|Any CPU.ActiveCfg = Debug|Any CPU
		{EA1B0930-5637-4BFB-92B1-B5BD16BA4698}.Debug|Any CPU.Build.0 = Debug|Any CPU
		{EA1B0930-5637-4BFB-92B1-B5BD16BA4698}.Release|Any CPU.ActiveCfg = Release|Any CPU
		{EA1B0930-5637-4BFB-92B1-B5BD16BA4698}.Release|Any CPU.Build.0 = Release|Any CPU
	EndGlobalSection
	GlobalSection(SolutionProperties) = preSolution
		HideSolutionNode = FALSE
	EndGlobalSection
	GlobalSection(NestedProjects) = preSolution
		{EA1B0930-5637-4BFB-92B1-B5BD16BA4698} = {6332CBF8-3FB2-4088-A1D9-2F50F9F0E81D}
	EndGlobalSection
	GlobalSection(ExtensibilityGlobals) = postSolution
		SolutionGuid = {FF83620E-5680-4EBD-9320-4F00653C01B8}
	EndGlobalSection
EndGlobal
